
Microsoft Visual Studio Solution File, Format Version 12.00
# Visual Studio Version 16
VisualStudioVersion = 16.0.31624.102
MinimumVisualStudioVersion = 10.0.40219.1
Project("{FAE04EC0-301F-11D3-BF4B-00C04F79EFBC}") = "Book_Recipe", "Book_Recipe\Book_Recipe.csproj", "{D1012453-BB69-4B26-9E35-BCE34F47789B}"
EndProject
Global
	GlobalSection(SolutionConfigurationPlatforms) = preSolution
		Debug|Any CPU = Debug|Any CPU
		Release|Any CPU = Release|Any CPU
	EndGlobalSection
	GlobalSection(ProjectConfigurationPlatforms) = postSolution
		{D1012453-BB69-4B26-9E35-BCE34F47789B}.Debug|Any CPU.ActiveCfg = Debug|Any CPU
		{D1012453-BB69-4B26-9E35-BCE34F47789B}.Debug|Any CPU.Build.0 = Debug|Any CPU
		{D1012453-BB69-4B26-9E35-BCE34F47789B}.Release|Any CPU.ActiveCfg = Release|Any CPU
		{D1012453-BB69-4B26-9E35-BCE34F47789B}.Release|Any CPU.Build.0 = Release|Any CPU
	EndGlobalSection
	GlobalSection(SolutionProperties) = preSolution
		HideSolutionNode = FALSE
	EndGlobalSection
	GlobalSection(ExtensibilityGlobals) = postSolution
		SolutionGuid = {F14BB186-6968-4FA3-93C3-312606FB0FE2}
	EndGlobalSection
EndGlobal
